
Microsoft Visual Studio Solution File, Format Version 11.00
# Visual C# Express 2010
Project("{FAE04EC0-301F-11D3-BF4B-00C04F79EFBC}") = "Delta1003b", "Delta1003b\Delta1003b.csproj", "{7A3E7359-597B-40A5-AA07-D1CE267C4D27}"
EndProject
Global
	GlobalSection(SolutionConfigurationPlatforms) = preSolution
		Debug|x86 = Debug|x86
		Release|x86 = Release|x86
	EndGlobalSection
	GlobalSection(ProjectConfigurationPlatforms) = postSolution
		{7A3E7359-597B-40A5-AA07-D1CE267C4D27}.Debug|x86.ActiveCfg = Debug|x86
		{7A3E7359-597B-40A5-AA07-D1CE267C4D27}.Debug|x86.Build.0 = Debug|x86
		{7A3E7359-597B-40A5-AA07-D1CE267C4D27}.Release|x86.ActiveCfg = Release|x86
		{7A3E7359-597B-40A5-AA07-D1CE267C4D27}.Release|x86.Build.0 = Release|x86
	EndGlobalSection
	GlobalSection(SolutionProperties) = preSolution
		HideSolutionNode = FALSE
	EndGlobalSection
EndGlobal
